// !$*UTF8*$!
{
	archiveVersion = 1;
	classes = {
	};
	objectVersion = 46;
	objects = {

/* Begin PBXAggregateTarget section */
		428A617F1F6800FF00D6C057 /* VirgilCryptoAPI */ = {
			isa = PBXAggregateTarget;
			buildConfigurationList = 428A61801F6800FF00D6C057 /* Build configuration list for PBXAggregateTarget "VirgilCryptoAPI" */;
			buildPhases = (
			);
			dependencies = (
				428A61841F68010600D6C057 /* PBXTargetDependency */,
				428A61861F68010600D6C057 /* PBXTargetDependency */,
				428A61881F68010600D6C057 /* PBXTargetDependency */,
				428A618A1F68010600D6C057 /* PBXTargetDependency */,
			);
			name = VirgilCryptoAPI;
			productName = VirgilCryptoAPI;
		};
/* End PBXAggregateTarget section */

/* Begin PBXBuildFile section */
		16B3FD99200D0194008F0357 /* PrivateKeyExporter.swift in Sources */ = {isa = PBXBuildFile; fileRef = 16B3FD98200D0194008F0357 /* PrivateKeyExporter.swift */; };
		16B3FD9A200D042C008F0357 /* PrivateKeyExporter.swift in Sources */ = {isa = PBXBuildFile; fileRef = 16B3FD98200D0194008F0357 /* PrivateKeyExporter.swift */; };
		16B3FD9B200D0431008F0357 /* PrivateKeyExporter.swift in Sources */ = {isa = PBXBuildFile; fileRef = 16B3FD98200D0194008F0357 /* PrivateKeyExporter.swift */; };
		16B3FD9C200D0434008F0357 /* PrivateKeyExporter.swift in Sources */ = {isa = PBXBuildFile; fileRef = 16B3FD98200D0194008F0357 /* PrivateKeyExporter.swift */; };
		16F9B6401FFE78D40005EE7D /* AccessTokenSigner.swift in Sources */ = {isa = PBXBuildFile; fileRef = 16F9B63F1FFE78D40005EE7D /* AccessTokenSigner.swift */; };
		16F9B6411FFED1C50005EE7D /* AccessTokenSigner.swift in Sources */ = {isa = PBXBuildFile; fileRef = 16F9B63F1FFE78D40005EE7D /* AccessTokenSigner.swift */; };
		16F9B6421FFED1D00005EE7D /* AccessTokenSigner.swift in Sources */ = {isa = PBXBuildFile; fileRef = 16F9B63F1FFE78D40005EE7D /* AccessTokenSigner.swift */; };
		16F9B6431FFED1E30005EE7D /* AccessTokenSigner.swift in Sources */ = {isa = PBXBuildFile; fileRef = 16F9B63F1FFE78D40005EE7D /* AccessTokenSigner.swift */; };
		428A618F1F68061B00D6C057 /* PrivateKey.swift in Sources */ = {isa = PBXBuildFile; fileRef = 428A618E1F68061B00D6C057 /* PrivateKey.swift */; };
		428A61901F68061B00D6C057 /* PrivateKey.swift in Sources */ = {isa = PBXBuildFile; fileRef = 428A618E1F68061B00D6C057 /* PrivateKey.swift */; };
		428A61911F68061B00D6C057 /* PrivateKey.swift in Sources */ = {isa = PBXBuildFile; fileRef = 428A618E1F68061B00D6C057 /* PrivateKey.swift */; };
		428A61921F68061B00D6C057 /* PrivateKey.swift in Sources */ = {isa = PBXBuildFile; fileRef = 428A618E1F68061B00D6C057 /* PrivateKey.swift */; };
		428A61941F6809B300D6C057 /* PublicKey.swift in Sources */ = {isa = PBXBuildFile; fileRef = 428A61931F6809B300D6C057 /* PublicKey.swift */; };
		428A61951F6809B300D6C057 /* PublicKey.swift in Sources */ = {isa = PBXBuildFile; fileRef = 428A61931F6809B300D6C057 /* PublicKey.swift */; };
		428A61961F6809B300D6C057 /* PublicKey.swift in Sources */ = {isa = PBXBuildFile; fileRef = 428A61931F6809B300D6C057 /* PublicKey.swift */; };
		428A61971F6809B300D6C057 /* PublicKey.swift in Sources */ = {isa = PBXBuildFile; fileRef = 428A61931F6809B300D6C057 /* PublicKey.swift */; };
		428A61991F6809D900D6C057 /* CardCrypto.swift in Sources */ = {isa = PBXBuildFile; fileRef = 428A61981F6809D900D6C057 /* CardCrypto.swift */; };
		428A619A1F6809D900D6C057 /* CardCrypto.swift in Sources */ = {isa = PBXBuildFile; fileRef = 428A61981F6809D900D6C057 /* CardCrypto.swift */; };
		428A619B1F6809D900D6C057 /* CardCrypto.swift in Sources */ = {isa = PBXBuildFile; fileRef = 428A61981F6809D900D6C057 /* CardCrypto.swift */; };
		428A619C1F6809D900D6C057 /* CardCrypto.swift in Sources */ = {isa = PBXBuildFile; fileRef = 428A61981F6809D900D6C057 /* CardCrypto.swift */; };
		428A61A61F681D6B00D6C057 /* VirgilCryptoAPI.framework in Frameworks */ = {isa = PBXBuildFile; fileRef = 428A614A1F67FF0E00D6C057 /* VirgilCryptoAPI.framework */; };
		428A61AE1F681DD500D6C057 /* VSA001_APITests.m in Sources */ = {isa = PBXBuildFile; fileRef = 428A61AD1F681DD500D6C057 /* VSA001_APITests.m */; };
		42CDC2251F68209300D69111 /* VirgilCryptoAPI.framework in Frameworks */ = {isa = PBXBuildFile; fileRef = 428A615D1F6800A800D6C057 /* VirgilCryptoAPI.framework */; };
		42CDC2341F6820A900D69111 /* VirgilCryptoAPI.framework in Frameworks */ = {isa = PBXBuildFile; fileRef = 428A61771F6800DB00D6C057 /* VirgilCryptoAPI.framework */; };
		42CDC23A1F6820C000D69111 /* VSA001_APITests.m in Sources */ = {isa = PBXBuildFile; fileRef = 428A61AD1F681DD500D6C057 /* VSA001_APITests.m */; };
		42CDC23C1F6820C300D69111 /* VSA001_APITests.m in Sources */ = {isa = PBXBuildFile; fileRef = 428A61AD1F681DD500D6C057 /* VSA001_APITests.m */; };
/* End PBXBuildFile section */

/* Begin PBXContainerItemProxy section */
		428A61831F68010600D6C057 /* PBXContainerItemProxy */ = {
			isa = PBXContainerItemProxy;
			containerPortal = 428A61411F67FF0E00D6C057 /* Project object */;
			proxyType = 1;
			remoteGlobalIDString = 428A61491F67FF0E00D6C057;
			remoteInfo = "VirgilCryptoAPI iOS";
		};
		428A61851F68010600D6C057 /* PBXContainerItemProxy */ = {
			isa = PBXContainerItemProxy;
			containerPortal = 428A61411F67FF0E00D6C057 /* Project object */;
			proxyType = 1;
			remoteGlobalIDString = 428A615C1F6800A800D6C057;
			remoteInfo = "VirgilCryptoAPI macOS";
		};
		428A61871F68010600D6C057 /* PBXContainerItemProxy */ = {
			isa = PBXContainerItemProxy;
			containerPortal = 428A61411F67FF0E00D6C057 /* Project object */;
			proxyType = 1;
			remoteGlobalIDString = 428A61691F6800CA00D6C057;
			remoteInfo = "VirgilCryptoAPI watchOS";
		};
		428A61891F68010600D6C057 /* PBXContainerItemProxy */ = {
			isa = PBXContainerItemProxy;
			containerPortal = 428A61411F67FF0E00D6C057 /* Project object */;
			proxyType = 1;
			remoteGlobalIDString = 428A61761F6800DB00D6C057;
			remoteInfo = "VirgilCryptoAPI tvOS";
		};
		428A61A71F681D6B00D6C057 /* PBXContainerItemProxy */ = {
			isa = PBXContainerItemProxy;
			containerPortal = 428A61411F67FF0E00D6C057 /* Project object */;
			proxyType = 1;
			remoteGlobalIDString = 428A61491F67FF0E00D6C057;
			remoteInfo = "VirgilCryptoAPI iOS";
		};
		42CDC2261F68209300D69111 /* PBXContainerItemProxy */ = {
			isa = PBXContainerItemProxy;
			containerPortal = 428A61411F67FF0E00D6C057 /* Project object */;
			proxyType = 1;
			remoteGlobalIDString = 428A615C1F6800A800D6C057;
			remoteInfo = "VirgilCryptoAPI macOS";
		};
		42CDC2351F6820A900D69111 /* PBXContainerItemProxy */ = {
			isa = PBXContainerItemProxy;
			containerPortal = 428A61411F67FF0E00D6C057 /* Project object */;
			proxyType = 1;
			remoteGlobalIDString = 428A61761F6800DB00D6C057;
			remoteInfo = "VirgilCryptoAPI tvOS";
		};
/* End PBXContainerItemProxy section */

/* Begin PBXFileReference section */
		16B3FD98200D0194008F0357 /* PrivateKeyExporter.swift */ = {isa = PBXFileReference; lastKnownFileType = sourcecode.swift; path = PrivateKeyExporter.swift; sourceTree = "<group>"; };
		16F9B63F1FFE78D40005EE7D /* AccessTokenSigner.swift */ = {isa = PBXFileReference; lastKnownFileType = sourcecode.swift; path = AccessTokenSigner.swift; sourceTree = "<group>"; };
		428A614A1F67FF0E00D6C057 /* VirgilCryptoAPI.framework */ = {isa = PBXFileReference; explicitFileType = wrapper.framework; includeInIndex = 0; path = VirgilCryptoAPI.framework; sourceTree = BUILT_PRODUCTS_DIR; };
		428A614E1F67FF0E00D6C057 /* Info.plist */ = {isa = PBXFileReference; lastKnownFileType = text.plist.xml; path = Info.plist; sourceTree = "<group>"; };
		428A615D1F6800A800D6C057 /* VirgilCryptoAPI.framework */ = {isa = PBXFileReference; explicitFileType = wrapper.framework; includeInIndex = 0; path = VirgilCryptoAPI.framework; sourceTree = BUILT_PRODUCTS_DIR; };
		428A616A1F6800CA00D6C057 /* VirgilCryptoAPI.framework */ = {isa = PBXFileReference; explicitFileType = wrapper.framework; includeInIndex = 0; path = VirgilCryptoAPI.framework; sourceTree = BUILT_PRODUCTS_DIR; };
		428A61771F6800DB00D6C057 /* VirgilCryptoAPI.framework */ = {isa = PBXFileReference; explicitFileType = wrapper.framework; includeInIndex = 0; path = VirgilCryptoAPI.framework; sourceTree = BUILT_PRODUCTS_DIR; };
		428A618E1F68061B00D6C057 /* PrivateKey.swift */ = {isa = PBXFileReference; fileEncoding = 4; lastKnownFileType = sourcecode.swift; path = PrivateKey.swift; sourceTree = "<group>"; };
		428A61931F6809B300D6C057 /* PublicKey.swift */ = {isa = PBXFileReference; fileEncoding = 4; lastKnownFileType = sourcecode.swift; path = PublicKey.swift; sourceTree = "<group>"; };
		428A61981F6809D900D6C057 /* CardCrypto.swift */ = {isa = PBXFileReference; fileEncoding = 4; lastKnownFileType = sourcecode.swift; path = CardCrypto.swift; sourceTree = "<group>"; };
		428A61A11F681D6A00D6C057 /* VirgilCryptoAPI iOS Tests.xctest */ = {isa = PBXFileReference; explicitFileType = wrapper.cfbundle; includeInIndex = 0; path = "VirgilCryptoAPI iOS Tests.xctest"; sourceTree = BUILT_PRODUCTS_DIR; };
		428A61AD1F681DD500D6C057 /* VSA001_APITests.m */ = {isa = PBXFileReference; fileEncoding = 4; lastKnownFileType = sourcecode.c.objc; path = VSA001_APITests.m; sourceTree = "<group>"; };
		42CDC2201F68209300D69111 /* VirgilCryptoAPI macOS Tests.xctest */ = {isa = PBXFileReference; explicitFileType = wrapper.cfbundle; includeInIndex = 0; path = "VirgilCryptoAPI macOS Tests.xctest"; sourceTree = BUILT_PRODUCTS_DIR; };
		42CDC22F1F6820A900D69111 /* VirgilCryptoAPI tvOS Tests.xctest */ = {isa = PBXFileReference; explicitFileType = wrapper.cfbundle; includeInIndex = 0; path = "VirgilCryptoAPI tvOS Tests.xctest"; sourceTree = BUILT_PRODUCTS_DIR; };
/* End PBXFileReference section */

/* Begin PBXFrameworksBuildPhase section */
		428A61461F67FF0E00D6C057 /* Frameworks */ = {
			isa = PBXFrameworksBuildPhase;
			buildActionMask = 2147483647;
			files = (
			);
			runOnlyForDeploymentPostprocessing = 0;
		};
		428A61591F6800A800D6C057 /* Frameworks */ = {
			isa = PBXFrameworksBuildPhase;
			buildActionMask = 2147483647;
			files = (
			);
			runOnlyForDeploymentPostprocessing = 0;
		};
		428A61661F6800CA00D6C057 /* Frameworks */ = {
			isa = PBXFrameworksBuildPhase;
			buildActionMask = 2147483647;
			files = (
			);
			runOnlyForDeploymentPostprocessing = 0;
		};
		428A61731F6800DB00D6C057 /* Frameworks */ = {
			isa = PBXFrameworksBuildPhase;
			buildActionMask = 2147483647;
			files = (
			);
			runOnlyForDeploymentPostprocessing = 0;
		};
		428A619E1F681D6A00D6C057 /* Frameworks */ = {
			isa = PBXFrameworksBuildPhase;
			buildActionMask = 2147483647;
			files = (
				428A61A61F681D6B00D6C057 /* VirgilCryptoAPI.framework in Frameworks */,
			);
			runOnlyForDeploymentPostprocessing = 0;
		};
		42CDC21D1F68209300D69111 /* Frameworks */ = {
			isa = PBXFrameworksBuildPhase;
			buildActionMask = 2147483647;
			files = (
				42CDC2251F68209300D69111 /* VirgilCryptoAPI.framework in Frameworks */,
			);
			runOnlyForDeploymentPostprocessing = 0;
		};
		42CDC22C1F6820A900D69111 /* Frameworks */ = {
			isa = PBXFrameworksBuildPhase;
			buildActionMask = 2147483647;
			files = (
				42CDC2341F6820A900D69111 /* VirgilCryptoAPI.framework in Frameworks */,
			);
			runOnlyForDeploymentPostprocessing = 0;
		};
/* End PBXFrameworksBuildPhase section */

/* Begin PBXGroup section */
		428A61401F67FF0E00D6C057 = {
			isa = PBXGroup;
			children = (
				428A614C1F67FF0E00D6C057 /* VirgilCryptoAPI */,
				428A61551F67FF7E00D6C057 /* Source */,
				428A61AC1F681DB500D6C057 /* Tests */,
				428A614B1F67FF0E00D6C057 /* Products */,
			);
			sourceTree = "<group>";
		};
		428A614B1F67FF0E00D6C057 /* Products */ = {
			isa = PBXGroup;
			children = (
				428A614A1F67FF0E00D6C057 /* VirgilCryptoAPI.framework */,
				428A615D1F6800A800D6C057 /* VirgilCryptoAPI.framework */,
				428A616A1F6800CA00D6C057 /* VirgilCryptoAPI.framework */,
				428A61771F6800DB00D6C057 /* VirgilCryptoAPI.framework */,
				428A61A11F681D6A00D6C057 /* VirgilCryptoAPI iOS Tests.xctest */,
				42CDC2201F68209300D69111 /* VirgilCryptoAPI macOS Tests.xctest */,
				42CDC22F1F6820A900D69111 /* VirgilCryptoAPI tvOS Tests.xctest */,
			);
			name = Products;
			sourceTree = "<group>";
		};
		428A614C1F67FF0E00D6C057 /* VirgilCryptoAPI */ = {
			isa = PBXGroup;
			children = (
				428A614E1F67FF0E00D6C057 /* Info.plist */,
			);
			path = VirgilCryptoAPI;
			sourceTree = "<group>";
		};
		428A61551F67FF7E00D6C057 /* Source */ = {
			isa = PBXGroup;
			children = (
				16B3FD98200D0194008F0357 /* PrivateKeyExporter.swift */,
				16F9B63F1FFE78D40005EE7D /* AccessTokenSigner.swift */,
				428A61981F6809D900D6C057 /* CardCrypto.swift */,
				428A618E1F68061B00D6C057 /* PrivateKey.swift */,
				428A61931F6809B300D6C057 /* PublicKey.swift */,
			);
			path = Source;
			sourceTree = "<group>";
		};
		428A61AC1F681DB500D6C057 /* Tests */ = {
			isa = PBXGroup;
			children = (
				428A61AD1F681DD500D6C057 /* VSA001_APITests.m */,
			);
			path = Tests;
			sourceTree = "<group>";
		};
/* End PBXGroup section */

/* Begin PBXHeadersBuildPhase section */
		428A61471F67FF0E00D6C057 /* Headers */ = {
			isa = PBXHeadersBuildPhase;
			buildActionMask = 2147483647;
			files = (
			);
			runOnlyForDeploymentPostprocessing = 0;
		};
		428A615A1F6800A800D6C057 /* Headers */ = {
			isa = PBXHeadersBuildPhase;
			buildActionMask = 2147483647;
			files = (
			);
			runOnlyForDeploymentPostprocessing = 0;
		};
		428A61671F6800CA00D6C057 /* Headers */ = {
			isa = PBXHeadersBuildPhase;
			buildActionMask = 2147483647;
			files = (
			);
			runOnlyForDeploymentPostprocessing = 0;
		};
		428A61741F6800DB00D6C057 /* Headers */ = {
			isa = PBXHeadersBuildPhase;
			buildActionMask = 2147483647;
			files = (
			);
			runOnlyForDeploymentPostprocessing = 0;
		};
/* End PBXHeadersBuildPhase section */

/* Begin PBXNativeTarget section */
		428A61491F67FF0E00D6C057 /* VirgilCryptoAPI iOS */ = {
			isa = PBXNativeTarget;
			buildConfigurationList = 428A61521F67FF0E00D6C057 /* Build configuration list for PBXNativeTarget "VirgilCryptoAPI iOS" */;
			buildPhases = (
				428A61451F67FF0E00D6C057 /* Sources */,
				428A61461F67FF0E00D6C057 /* Frameworks */,
				428A61471F67FF0E00D6C057 /* Headers */,
				428A61481F67FF0E00D6C057 /* Resources */,
			);
			buildRules = (
			);
			dependencies = (
			);
			name = "VirgilCryptoAPI iOS";
			productName = VirgilCryptoAPI;
			productReference = 428A614A1F67FF0E00D6C057 /* VirgilCryptoAPI.framework */;
			productType = "com.apple.product-type.framework";
		};
		428A615C1F6800A800D6C057 /* VirgilCryptoAPI macOS */ = {
			isa = PBXNativeTarget;
			buildConfigurationList = 428A61621F6800A800D6C057 /* Build configuration list for PBXNativeTarget "VirgilCryptoAPI macOS" */;
			buildPhases = (
				428A61581F6800A800D6C057 /* Sources */,
				428A61591F6800A800D6C057 /* Frameworks */,
				428A615A1F6800A800D6C057 /* Headers */,
				428A615B1F6800A800D6C057 /* Resources */,
			);
			buildRules = (
			);
			dependencies = (
			);
			name = "VirgilCryptoAPI macOS";
			productName = VirgilCryptoAPI;
			productReference = 428A615D1F6800A800D6C057 /* VirgilCryptoAPI.framework */;
			productType = "com.apple.product-type.framework";
		};
		428A61691F6800CA00D6C057 /* VirgilCryptoAPI watchOS */ = {
			isa = PBXNativeTarget;
			buildConfigurationList = 428A616F1F6800CA00D6C057 /* Build configuration list for PBXNativeTarget "VirgilCryptoAPI watchOS" */;
			buildPhases = (
				428A61651F6800CA00D6C057 /* Sources */,
				428A61661F6800CA00D6C057 /* Frameworks */,
				428A61671F6800CA00D6C057 /* Headers */,
				428A61681F6800CA00D6C057 /* Resources */,
			);
			buildRules = (
			);
			dependencies = (
			);
			name = "VirgilCryptoAPI watchOS";
			productName = VirgilCryptoAPI;
			productReference = 428A616A1F6800CA00D6C057 /* VirgilCryptoAPI.framework */;
			productType = "com.apple.product-type.framework";
		};
		428A61761F6800DB00D6C057 /* VirgilCryptoAPI tvOS */ = {
			isa = PBXNativeTarget;
			buildConfigurationList = 428A617C1F6800DB00D6C057 /* Build configuration list for PBXNativeTarget "VirgilCryptoAPI tvOS" */;
			buildPhases = (
				428A61721F6800DB00D6C057 /* Sources */,
				428A61731F6800DB00D6C057 /* Frameworks */,
				428A61741F6800DB00D6C057 /* Headers */,
				428A61751F6800DB00D6C057 /* Resources */,
			);
			buildRules = (
			);
			dependencies = (
			);
			name = "VirgilCryptoAPI tvOS";
			productName = VirgilCryptoAPI;
			productReference = 428A61771F6800DB00D6C057 /* VirgilCryptoAPI.framework */;
			productType = "com.apple.product-type.framework";
		};
		428A61A01F681D6A00D6C057 /* VirgilCryptoAPI iOS Tests */ = {
			isa = PBXNativeTarget;
			buildConfigurationList = 428A61A91F681D6B00D6C057 /* Build configuration list for PBXNativeTarget "VirgilCryptoAPI iOS Tests" */;
			buildPhases = (
				428A619D1F681D6A00D6C057 /* Sources */,
				428A619E1F681D6A00D6C057 /* Frameworks */,
				428A619F1F681D6A00D6C057 /* Resources */,
			);
			buildRules = (
			);
			dependencies = (
				428A61A81F681D6B00D6C057 /* PBXTargetDependency */,
			);
			name = "VirgilCryptoAPI iOS Tests";
			productName = "VirgilCryptoAPI iOS Tests";
			productReference = 428A61A11F681D6A00D6C057 /* VirgilCryptoAPI iOS Tests.xctest */;
			productType = "com.apple.product-type.bundle.unit-test";
		};
		42CDC21F1F68209300D69111 /* VirgilCryptoAPI macOS Tests */ = {
			isa = PBXNativeTarget;
			buildConfigurationList = 42CDC22A1F68209300D69111 /* Build configuration list for PBXNativeTarget "VirgilCryptoAPI macOS Tests" */;
			buildPhases = (
				42CDC21C1F68209300D69111 /* Sources */,
				42CDC21D1F68209300D69111 /* Frameworks */,
				42CDC21E1F68209300D69111 /* Resources */,
			);
			buildRules = (
			);
			dependencies = (
				42CDC2271F68209300D69111 /* PBXTargetDependency */,
			);
			name = "VirgilCryptoAPI macOS Tests";
			productName = "VirgilCryptoAPI macOS Tests";
			productReference = 42CDC2201F68209300D69111 /* VirgilCryptoAPI macOS Tests.xctest */;
			productType = "com.apple.product-type.bundle.unit-test";
		};
		42CDC22E1F6820A900D69111 /* VirgilCryptoAPI tvOS Tests */ = {
			isa = PBXNativeTarget;
			buildConfigurationList = 42CDC2371F6820A900D69111 /* Build configuration list for PBXNativeTarget "VirgilCryptoAPI tvOS Tests" */;
			buildPhases = (
				42CDC22B1F6820A900D69111 /* Sources */,
				42CDC22C1F6820A900D69111 /* Frameworks */,
				42CDC22D1F6820A900D69111 /* Resources */,
			);
			buildRules = (
			);
			dependencies = (
				42CDC2361F6820A900D69111 /* PBXTargetDependency */,
			);
			name = "VirgilCryptoAPI tvOS Tests";
			productName = "VirgilCryptoAPI tvOS Tests";
			productReference = 42CDC22F1F6820A900D69111 /* VirgilCryptoAPI tvOS Tests.xctest */;
			productType = "com.apple.product-type.bundle.unit-test";
		};
/* End PBXNativeTarget section */

/* Begin PBXProject section */
		428A61411F67FF0E00D6C057 /* Project object */ = {
			isa = PBXProject;
			attributes = {
				LastUpgradeCheck = 0930;
				ORGANIZATIONNAME = "Virgil Security";
				TargetAttributes = {
					428A61491F67FF0E00D6C057 = {
						CreatedOnToolsVersion = 8.3.3;
						LastSwiftMigration = "";
						ProvisioningStyle = Automatic;
					};
					428A615C1F6800A800D6C057 = {
						CreatedOnToolsVersion = 8.3.3;
						LastSwiftMigration = "";
						ProvisioningStyle = Automatic;
					};
					428A61691F6800CA00D6C057 = {
						CreatedOnToolsVersion = 8.3.3;
						LastSwiftMigration = "";
						ProvisioningStyle = Automatic;
					};
					428A61761F6800DB00D6C057 = {
						CreatedOnToolsVersion = 8.3.3;
						LastSwiftMigration = "";
						ProvisioningStyle = Automatic;
					};
					428A617F1F6800FF00D6C057 = {
						CreatedOnToolsVersion = 8.3.3;
						ProvisioningStyle = Automatic;
					};
					428A61A01F681D6A00D6C057 = {
						CreatedOnToolsVersion = 8.3.3;
						ProvisioningStyle = Automatic;
					};
					42CDC21F1F68209300D69111 = {
						CreatedOnToolsVersion = 8.3.3;
						ProvisioningStyle = Automatic;
					};
					42CDC22E1F6820A900D69111 = {
						CreatedOnToolsVersion = 8.3.3;
						ProvisioningStyle = Automatic;
					};
				};
			};
			buildConfigurationList = 428A61441F67FF0E00D6C057 /* Build configuration list for PBXProject "VirgilCryptoAPI" */;
			compatibilityVersion = "Xcode 3.2";
			developmentRegion = English;
			hasScannedForEncodings = 0;
			knownRegions = (
				en,
			);
			mainGroup = 428A61401F67FF0E00D6C057;
			productRefGroup = 428A614B1F67FF0E00D6C057 /* Products */;
			projectDirPath = "";
			projectRoot = "";
			targets = (
				428A61491F67FF0E00D6C057 /* VirgilCryptoAPI iOS */,
				428A61A01F681D6A00D6C057 /* VirgilCryptoAPI iOS Tests */,
				428A615C1F6800A800D6C057 /* VirgilCryptoAPI macOS */,
				42CDC21F1F68209300D69111 /* VirgilCryptoAPI macOS Tests */,
				428A61761F6800DB00D6C057 /* VirgilCryptoAPI tvOS */,
				42CDC22E1F6820A900D69111 /* VirgilCryptoAPI tvOS Tests */,
				428A61691F6800CA00D6C057 /* VirgilCryptoAPI watchOS */,
				428A617F1F6800FF00D6C057 /* VirgilCryptoAPI */,
			);
		};
/* End PBXProject section */

/* Begin PBXResourcesBuildPhase section */
		428A61481F67FF0E00D6C057 /* Resources */ = {
			isa = PBXResourcesBuildPhase;
			buildActionMask = 2147483647;
			files = (
			);
			runOnlyForDeploymentPostprocessing = 0;
		};
		428A615B1F6800A800D6C057 /* Resources */ = {
			isa = PBXResourcesBuildPhase;
			buildActionMask = 2147483647;
			files = (
			);
			runOnlyForDeploymentPostprocessing = 0;
		};
		428A61681F6800CA00D6C057 /* Resources */ = {
			isa = PBXResourcesBuildPhase;
			buildActionMask = 2147483647;
			files = (
			);
			runOnlyForDeploymentPostprocessing = 0;
		};
		428A61751F6800DB00D6C057 /* Resources */ = {
			isa = PBXResourcesBuildPhase;
			buildActionMask = 2147483647;
			files = (
			);
			runOnlyForDeploymentPostprocessing = 0;
		};
		428A619F1F681D6A00D6C057 /* Resources */ = {
			isa = PBXResourcesBuildPhase;
			buildActionMask = 2147483647;
			files = (
			);
			runOnlyForDeploymentPostprocessing = 0;
		};
		42CDC21E1F68209300D69111 /* Resources */ = {
			isa = PBXResourcesBuildPhase;
			buildActionMask = 2147483647;
			files = (
			);
			runOnlyForDeploymentPostprocessing = 0;
		};
		42CDC22D1F6820A900D69111 /* Resources */ = {
			isa = PBXResourcesBuildPhase;
			buildActionMask = 2147483647;
			files = (
			);
			runOnlyForDeploymentPostprocessing = 0;
		};
/* End PBXResourcesBuildPhase section */

/* Begin PBXSourcesBuildPhase section */
		428A61451F67FF0E00D6C057 /* Sources */ = {
			isa = PBXSourcesBuildPhase;
			buildActionMask = 2147483647;
			files = (
				16B3FD99200D0194008F0357 /* PrivateKeyExporter.swift in Sources */,
				428A61991F6809D900D6C057 /* CardCrypto.swift in Sources */,
				16F9B6401FFE78D40005EE7D /* AccessTokenSigner.swift in Sources */,
				428A61941F6809B300D6C057 /* PublicKey.swift in Sources */,
				428A618F1F68061B00D6C057 /* PrivateKey.swift in Sources */,
			);
			runOnlyForDeploymentPostprocessing = 0;
		};
		428A61581F6800A800D6C057 /* Sources */ = {
			isa = PBXSourcesBuildPhase;
			buildActionMask = 2147483647;
			files = (
				16B3FD9A200D042C008F0357 /* PrivateKeyExporter.swift in Sources */,
				16F9B6411FFED1C50005EE7D /* AccessTokenSigner.swift in Sources */,
				428A619A1F6809D900D6C057 /* CardCrypto.swift in Sources */,
				428A61951F6809B300D6C057 /* PublicKey.swift in Sources */,
				428A61901F68061B00D6C057 /* PrivateKey.swift in Sources */,
			);
			runOnlyForDeploymentPostprocessing = 0;
		};
		428A61651F6800CA00D6C057 /* Sources */ = {
			isa = PBXSourcesBuildPhase;
			buildActionMask = 2147483647;
			files = (
				16B3FD9B200D0431008F0357 /* PrivateKeyExporter.swift in Sources */,
				16F9B6421FFED1D00005EE7D /* AccessTokenSigner.swift in Sources */,
				428A619B1F6809D900D6C057 /* CardCrypto.swift in Sources */,
				428A61961F6809B300D6C057 /* PublicKey.swift in Sources */,
				428A61911F68061B00D6C057 /* PrivateKey.swift in Sources */,
			);
			runOnlyForDeploymentPostprocessing = 0;
		};
		428A61721F6800DB00D6C057 /* Sources */ = {
			isa = PBXSourcesBuildPhase;
			buildActionMask = 2147483647;
			files = (
				16B3FD9C200D0434008F0357 /* PrivateKeyExporter.swift in Sources */,
				16F9B6431FFED1E30005EE7D /* AccessTokenSigner.swift in Sources */,
				428A619C1F6809D900D6C057 /* CardCrypto.swift in Sources */,
				428A61971F6809B300D6C057 /* PublicKey.swift in Sources */,
				428A61921F68061B00D6C057 /* PrivateKey.swift in Sources */,
			);
			runOnlyForDeploymentPostprocessing = 0;
		};
		428A619D1F681D6A00D6C057 /* Sources */ = {
			isa = PBXSourcesBuildPhase;
			buildActionMask = 2147483647;
			files = (
				428A61AE1F681DD500D6C057 /* VSA001_APITests.m in Sources */,
			);
			runOnlyForDeploymentPostprocessing = 0;
		};
		42CDC21C1F68209300D69111 /* Sources */ = {
			isa = PBXSourcesBuildPhase;
			buildActionMask = 2147483647;
			files = (
				42CDC23A1F6820C000D69111 /* VSA001_APITests.m in Sources */,
			);
			runOnlyForDeploymentPostprocessing = 0;
		};
		42CDC22B1F6820A900D69111 /* Sources */ = {
			isa = PBXSourcesBuildPhase;
			buildActionMask = 2147483647;
			files = (
				42CDC23C1F6820C300D69111 /* VSA001_APITests.m in Sources */,
			);
			runOnlyForDeploymentPostprocessing = 0;
		};
/* End PBXSourcesBuildPhase section */

/* Begin PBXTargetDependency section */
		428A61841F68010600D6C057 /* PBXTargetDependency */ = {
			isa = PBXTargetDependency;
			target = 428A61491F67FF0E00D6C057 /* VirgilCryptoAPI iOS */;
			targetProxy = 428A61831F68010600D6C057 /* PBXContainerItemProxy */;
		};
		428A61861F68010600D6C057 /* PBXTargetDependency */ = {
			isa = PBXTargetDependency;
			target = 428A615C1F6800A800D6C057 /* VirgilCryptoAPI macOS */;
			targetProxy = 428A61851F68010600D6C057 /* PBXContainerItemProxy */;
		};
		428A61881F68010600D6C057 /* PBXTargetDependency */ = {
			isa = PBXTargetDependency;
			target = 428A61691F6800CA00D6C057 /* VirgilCryptoAPI watchOS */;
			targetProxy = 428A61871F68010600D6C057 /* PBXContainerItemProxy */;
		};
		428A618A1F68010600D6C057 /* PBXTargetDependency */ = {
			isa = PBXTargetDependency;
			target = 428A61761F6800DB00D6C057 /* VirgilCryptoAPI tvOS */;
			targetProxy = 428A61891F68010600D6C057 /* PBXContainerItemProxy */;
		};
		428A61A81F681D6B00D6C057 /* PBXTargetDependency */ = {
			isa = PBXTargetDependency;
			target = 428A61491F67FF0E00D6C057 /* VirgilCryptoAPI iOS */;
			targetProxy = 428A61A71F681D6B00D6C057 /* PBXContainerItemProxy */;
		};
		42CDC2271F68209300D69111 /* PBXTargetDependency */ = {
			isa = PBXTargetDependency;
			target = 428A615C1F6800A800D6C057 /* VirgilCryptoAPI macOS */;
			targetProxy = 42CDC2261F68209300D69111 /* PBXContainerItemProxy */;
		};
		42CDC2361F6820A900D69111 /* PBXTargetDependency */ = {
			isa = PBXTargetDependency;
			target = 428A61761F6800DB00D6C057 /* VirgilCryptoAPI tvOS */;
			targetProxy = 42CDC2351F6820A900D69111 /* PBXContainerItemProxy */;
		};
/* End PBXTargetDependency section */

/* Begin XCBuildConfiguration section */
		428A61501F67FF0E00D6C057 /* Debug */ = {
			isa = XCBuildConfiguration;
			buildSettings = {
				ALWAYS_SEARCH_USER_PATHS = NO;
				CLANG_ANALYZER_NONNULL = YES;
				CLANG_ANALYZER_NUMBER_OBJECT_CONVERSION = YES_AGGRESSIVE;
				CLANG_CXX_LANGUAGE_STANDARD = "gnu++0x";
				CLANG_CXX_LIBRARY = "libc++";
				CLANG_ENABLE_MODULES = YES;
				CLANG_ENABLE_OBJC_ARC = YES;
				CLANG_WARN_BLOCK_CAPTURE_AUTORELEASING = YES;
				CLANG_WARN_BOOL_CONVERSION = YES;
				CLANG_WARN_COMMA = YES;
				CLANG_WARN_CONSTANT_CONVERSION = YES;
				CLANG_WARN_DEPRECATED_OBJC_IMPLEMENTATIONS = YES;
				CLANG_WARN_DIRECT_OBJC_ISA_USAGE = YES_ERROR;
				CLANG_WARN_DOCUMENTATION_COMMENTS = YES;
				CLANG_WARN_EMPTY_BODY = YES;
				CLANG_WARN_ENUM_CONVERSION = YES;
				CLANG_WARN_INFINITE_RECURSION = YES;
				CLANG_WARN_INT_CONVERSION = YES;
				CLANG_WARN_NON_LITERAL_NULL_CONVERSION = YES;
				CLANG_WARN_OBJC_IMPLICIT_RETAIN_SELF = YES;
				CLANG_WARN_OBJC_LITERAL_CONVERSION = YES;
				CLANG_WARN_OBJC_ROOT_CLASS = YES_ERROR;
				CLANG_WARN_RANGE_LOOP_ANALYSIS = YES;
				CLANG_WARN_STRICT_PROTOTYPES = YES;
				CLANG_WARN_SUSPICIOUS_MOVE = YES;
				CLANG_WARN_UNREACHABLE_CODE = YES;
				CLANG_WARN__DUPLICATE_METHOD_MATCH = YES;
				"CODE_SIGN_IDENTITY[sdk=iphoneos*]" = "iPhone Developer";
				COPY_PHASE_STRIP = NO;
				CURRENT_PROJECT_VERSION = 1;
				DEBUG_INFORMATION_FORMAT = dwarf;
				ENABLE_STRICT_OBJC_MSGSEND = YES;
				ENABLE_TESTABILITY = YES;
				GCC_C_LANGUAGE_STANDARD = gnu99;
				GCC_DYNAMIC_NO_PIC = NO;
				GCC_NO_COMMON_BLOCKS = YES;
				GCC_OPTIMIZATION_LEVEL = 0;
				GCC_PREPROCESSOR_DEFINITIONS = (
					"DEBUG=1",
					"$(inherited)",
				);
				GCC_TREAT_WARNINGS_AS_ERRORS = YES;
				GCC_WARN_64_TO_32_BIT_CONVERSION = YES;
				GCC_WARN_ABOUT_RETURN_TYPE = YES_ERROR;
				GCC_WARN_UNDECLARED_SELECTOR = YES;
				GCC_WARN_UNINITIALIZED_AUTOS = YES_AGGRESSIVE;
				GCC_WARN_UNUSED_FUNCTION = YES;
				GCC_WARN_UNUSED_VARIABLE = YES;
				IPHONEOS_DEPLOYMENT_TARGET = 8.0;
				MACOSX_DEPLOYMENT_TARGET = 10.10;
				MTL_ENABLE_DEBUG_INFO = YES;
				ONLY_ACTIVE_ARCH = YES;
				SDKROOT = iphoneos;
				SWIFT_ACTIVE_COMPILATION_CONDITIONS = DEBUG;
				SWIFT_OPTIMIZATION_LEVEL = "-Onone";
				TARGETED_DEVICE_FAMILY = "1,2";
				VERSIONING_SYSTEM = "apple-generic";
				VERSION_INFO_PREFIX = "";
			};
			name = Debug;
		};
		428A61511F67FF0E00D6C057 /* Release */ = {
			isa = XCBuildConfiguration;
			buildSettings = {
				ALWAYS_SEARCH_USER_PATHS = NO;
				CLANG_ANALYZER_NONNULL = YES;
				CLANG_ANALYZER_NUMBER_OBJECT_CONVERSION = YES_AGGRESSIVE;
				CLANG_CXX_LANGUAGE_STANDARD = "gnu++0x";
				CLANG_CXX_LIBRARY = "libc++";
				CLANG_ENABLE_MODULES = YES;
				CLANG_ENABLE_OBJC_ARC = YES;
				CLANG_WARN_BLOCK_CAPTURE_AUTORELEASING = YES;
				CLANG_WARN_BOOL_CONVERSION = YES;
				CLANG_WARN_COMMA = YES;
				CLANG_WARN_CONSTANT_CONVERSION = YES;
				CLANG_WARN_DEPRECATED_OBJC_IMPLEMENTATIONS = YES;
				CLANG_WARN_DIRECT_OBJC_ISA_USAGE = YES_ERROR;
				CLANG_WARN_DOCUMENTATION_COMMENTS = YES;
				CLANG_WARN_EMPTY_BODY = YES;
				CLANG_WARN_ENUM_CONVERSION = YES;
				CLANG_WARN_INFINITE_RECURSION = YES;
				CLANG_WARN_INT_CONVERSION = YES;
				CLANG_WARN_NON_LITERAL_NULL_CONVERSION = YES;
				CLANG_WARN_OBJC_IMPLICIT_RETAIN_SELF = YES;
				CLANG_WARN_OBJC_LITERAL_CONVERSION = YES;
				CLANG_WARN_OBJC_ROOT_CLASS = YES_ERROR;
				CLANG_WARN_RANGE_LOOP_ANALYSIS = YES;
				CLANG_WARN_STRICT_PROTOTYPES = YES;
				CLANG_WARN_SUSPICIOUS_MOVE = YES;
				CLANG_WARN_UNREACHABLE_CODE = YES;
				CLANG_WARN__DUPLICATE_METHOD_MATCH = YES;
				"CODE_SIGN_IDENTITY[sdk=iphoneos*]" = "iPhone Developer";
				COPY_PHASE_STRIP = NO;
				CURRENT_PROJECT_VERSION = 1;
				DEBUG_INFORMATION_FORMAT = "dwarf-with-dsym";
				ENABLE_NS_ASSERTIONS = NO;
				ENABLE_STRICT_OBJC_MSGSEND = YES;
				GCC_C_LANGUAGE_STANDARD = gnu99;
				GCC_NO_COMMON_BLOCKS = YES;
				GCC_TREAT_WARNINGS_AS_ERRORS = YES;
				GCC_WARN_64_TO_32_BIT_CONVERSION = YES;
				GCC_WARN_ABOUT_RETURN_TYPE = YES_ERROR;
				GCC_WARN_UNDECLARED_SELECTOR = YES;
				GCC_WARN_UNINITIALIZED_AUTOS = YES_AGGRESSIVE;
				GCC_WARN_UNUSED_FUNCTION = YES;
				GCC_WARN_UNUSED_VARIABLE = YES;
				IPHONEOS_DEPLOYMENT_TARGET = 8.0;
				MACOSX_DEPLOYMENT_TARGET = 10.10;
				MTL_ENABLE_DEBUG_INFO = NO;
				SDKROOT = iphoneos;
				SWIFT_OPTIMIZATION_LEVEL = "-Owholemodule";
				TARGETED_DEVICE_FAMILY = "1,2";
				VALIDATE_PRODUCT = YES;
				VERSIONING_SYSTEM = "apple-generic";
				VERSION_INFO_PREFIX = "";
			};
			name = Release;
		};
		428A61531F67FF0E00D6C057 /* Debug */ = {
			isa = XCBuildConfiguration;
			buildSettings = {
				APPLICATION_EXTENSION_API_ONLY = YES;
				CLANG_ENABLE_MODULES = YES;
				CLANG_WARN_SUSPICIOUS_MOVES = YES;
				"CODE_SIGN_IDENTITY[sdk=iphoneos*]" = "";
				DEFINES_MODULE = YES;
				DYLIB_COMPATIBILITY_VERSION = 1;
				DYLIB_CURRENT_VERSION = 1;
				DYLIB_INSTALL_NAME_BASE = "@rpath";
				INFOPLIST_FILE = VirgilCryptoAPI/Info.plist;
				INSTALL_PATH = "$(LOCAL_LIBRARY_DIR)/Frameworks";
				IPHONEOS_DEPLOYMENT_TARGET = 8.0;
				LD_RUNPATH_SEARCH_PATHS = "$(inherited) @executable_path/Frameworks @loader_path/Frameworks";
				PRODUCT_BUNDLE_IDENTIFIER = com.virgilsecurity.VirgilCryptoAPI;
				PRODUCT_MODULE_NAME = VirgilCryptoAPI;
				PRODUCT_NAME = VirgilCryptoAPI;
				SKIP_INSTALL = YES;
				SWIFT_OPTIMIZATION_LEVEL = "-Onone";
				SWIFT_VERSION = 4.2;
			};
			name = Debug;
		};
		428A61541F67FF0E00D6C057 /* Release */ = {
			isa = XCBuildConfiguration;
			buildSettings = {
				APPLICATION_EXTENSION_API_ONLY = YES;
				CLANG_ENABLE_MODULES = YES;
				CLANG_WARN_SUSPICIOUS_MOVES = YES;
				"CODE_SIGN_IDENTITY[sdk=iphoneos*]" = "";
				DEFINES_MODULE = YES;
				DYLIB_COMPATIBILITY_VERSION = 1;
				DYLIB_CURRENT_VERSION = 1;
				DYLIB_INSTALL_NAME_BASE = "@rpath";
				INFOPLIST_FILE = VirgilCryptoAPI/Info.plist;
				INSTALL_PATH = "$(LOCAL_LIBRARY_DIR)/Frameworks";
				IPHONEOS_DEPLOYMENT_TARGET = 8.0;
				LD_RUNPATH_SEARCH_PATHS = "$(inherited) @executable_path/Frameworks @loader_path/Frameworks";
				PRODUCT_BUNDLE_IDENTIFIER = com.virgilsecurity.VirgilCryptoAPI;
				PRODUCT_MODULE_NAME = VirgilCryptoAPI;
				PRODUCT_NAME = VirgilCryptoAPI;
				SKIP_INSTALL = YES;
				SWIFT_VERSION = 4.2;
			};
			name = Release;
		};
		428A61631F6800A800D6C057 /* Debug */ = {
			isa = XCBuildConfiguration;
			buildSettings = {
				APPLICATION_EXTENSION_API_ONLY = YES;
				CLANG_ENABLE_MODULES = YES;
				CODE_SIGN_IDENTITY = "-";
				COMBINE_HIDPI_IMAGES = YES;
				DEFINES_MODULE = YES;
				DYLIB_COMPATIBILITY_VERSION = 1;
				DYLIB_CURRENT_VERSION = 1;
				DYLIB_INSTALL_NAME_BASE = "@rpath";
				FRAMEWORK_VERSION = A;
				INFOPLIST_FILE = VirgilCryptoAPI/Info.plist;
				INSTALL_PATH = "$(LOCAL_LIBRARY_DIR)/Frameworks";
				LD_RUNPATH_SEARCH_PATHS = "$(inherited) @executable_path/../Frameworks @loader_path/Frameworks";
				PRODUCT_BUNDLE_IDENTIFIER = com.virgilsecurity.VirgilCryptoAPI;
				PRODUCT_NAME = VirgilCryptoAPI;
				SDKROOT = macosx;
				SKIP_INSTALL = YES;
				SWIFT_OPTIMIZATION_LEVEL = "-Onone";
				SWIFT_VERSION = 4.2;
			};
			name = Debug;
		};
		428A61641F6800A800D6C057 /* Release */ = {
			isa = XCBuildConfiguration;
			buildSettings = {
				APPLICATION_EXTENSION_API_ONLY = YES;
				CLANG_ENABLE_MODULES = YES;
				CODE_SIGN_IDENTITY = "-";
				COMBINE_HIDPI_IMAGES = YES;
				DEFINES_MODULE = YES;
				DYLIB_COMPATIBILITY_VERSION = 1;
				DYLIB_CURRENT_VERSION = 1;
				DYLIB_INSTALL_NAME_BASE = "@rpath";
				FRAMEWORK_VERSION = A;
				INFOPLIST_FILE = VirgilCryptoAPI/Info.plist;
				INSTALL_PATH = "$(LOCAL_LIBRARY_DIR)/Frameworks";
				LD_RUNPATH_SEARCH_PATHS = "$(inherited) @executable_path/../Frameworks @loader_path/Frameworks";
				PRODUCT_BUNDLE_IDENTIFIER = com.virgilsecurity.VirgilCryptoAPI;
				PRODUCT_NAME = VirgilCryptoAPI;
				SDKROOT = macosx;
				SKIP_INSTALL = YES;
				SWIFT_VERSION = 4.2;
			};
			name = Release;
		};
		428A61701F6800CA00D6C057 /* Debug */ = {
			isa = XCBuildConfiguration;
			buildSettings = {
				APPLICATION_EXTENSION_API_ONLY = YES;
				CLANG_ENABLE_MODULES = YES;
				CODE_SIGN_IDENTITY = "";
				DEFINES_MODULE = YES;
				DYLIB_COMPATIBILITY_VERSION = 1;
				DYLIB_CURRENT_VERSION = 1;
				DYLIB_INSTALL_NAME_BASE = "@rpath";
				INFOPLIST_FILE = VirgilCryptoAPI/Info.plist;
				INSTALL_PATH = "$(LOCAL_LIBRARY_DIR)/Frameworks";
				LD_RUNPATH_SEARCH_PATHS = "$(inherited) @executable_path/Frameworks @loader_path/Frameworks";
				PRODUCT_BUNDLE_IDENTIFIER = com.virgilsecurity.VirgilCryptoAPI;
				PRODUCT_NAME = VirgilCryptoAPI;
				SDKROOT = watchos;
				SKIP_INSTALL = YES;
				SWIFT_OPTIMIZATION_LEVEL = "-Onone";
				SWIFT_VERSION = 4.2;
				TARGETED_DEVICE_FAMILY = 4;
				WATCHOS_DEPLOYMENT_TARGET = 2.0;
			};
			name = Debug;
		};
		428A61711F6800CA00D6C057 /* Release */ = {
			isa = XCBuildConfiguration;
			buildSettings = {
				APPLICATION_EXTENSION_API_ONLY = YES;
				CLANG_ENABLE_MODULES = YES;
				CODE_SIGN_IDENTITY = "";
				DEFINES_MODULE = YES;
				DYLIB_COMPATIBILITY_VERSION = 1;
				DYLIB_CURRENT_VERSION = 1;
				DYLIB_INSTALL_NAME_BASE = "@rpath";
				INFOPLIST_FILE = VirgilCryptoAPI/Info.plist;
				INSTALL_PATH = "$(LOCAL_LIBRARY_DIR)/Frameworks";
				LD_RUNPATH_SEARCH_PATHS = "$(inherited) @executable_path/Frameworks @loader_path/Frameworks";
				PRODUCT_BUNDLE_IDENTIFIER = com.virgilsecurity.VirgilCryptoAPI;
				PRODUCT_NAME = VirgilCryptoAPI;
				SDKROOT = watchos;
				SKIP_INSTALL = YES;
				SWIFT_VERSION = 4.2;
				TARGETED_DEVICE_FAMILY = 4;
				WATCHOS_DEPLOYMENT_TARGET = 2.0;
			};
			name = Release;
		};
		428A617D1F6800DB00D6C057 /* Debug */ = {
			isa = XCBuildConfiguration;
			buildSettings = {
				APPLICATION_EXTENSION_API_ONLY = YES;
				CLANG_ENABLE_MODULES = YES;
				CODE_SIGN_IDENTITY = "";
				DEFINES_MODULE = YES;
				DYLIB_COMPATIBILITY_VERSION = 1;
				DYLIB_CURRENT_VERSION = 1;
				DYLIB_INSTALL_NAME_BASE = "@rpath";
				INFOPLIST_FILE = VirgilCryptoAPI/Info.plist;
				INSTALL_PATH = "$(LOCAL_LIBRARY_DIR)/Frameworks";
				LD_RUNPATH_SEARCH_PATHS = "$(inherited) @executable_path/Frameworks @loader_path/Frameworks";
				PRODUCT_BUNDLE_IDENTIFIER = com.virgilsecurity.VirgilCryptoAPI;
				PRODUCT_NAME = VirgilCryptoAPI;
				SDKROOT = appletvos;
				SKIP_INSTALL = YES;
				SWIFT_OPTIMIZATION_LEVEL = "-Onone";
				SWIFT_VERSION = 4.2;
				TARGETED_DEVICE_FAMILY = 3;
				TVOS_DEPLOYMENT_TARGET = 9.0;
			};
			name = Debug;
		};
		428A617E1F6800DB00D6C057 /* Release */ = {
			isa = XCBuildConfiguration;
			buildSettings = {
				APPLICATION_EXTENSION_API_ONLY = YES;
				CLANG_ENABLE_MODULES = YES;
				CODE_SIGN_IDENTITY = "";
				DEFINES_MODULE = YES;
				DYLIB_COMPATIBILITY_VERSION = 1;
				DYLIB_CURRENT_VERSION = 1;
				DYLIB_INSTALL_NAME_BASE = "@rpath";
				INFOPLIST_FILE = VirgilCryptoAPI/Info.plist;
				INSTALL_PATH = "$(LOCAL_LIBRARY_DIR)/Frameworks";
				LD_RUNPATH_SEARCH_PATHS = "$(inherited) @executable_path/Frameworks @loader_path/Frameworks";
				PRODUCT_BUNDLE_IDENTIFIER = com.virgilsecurity.VirgilCryptoAPI;
				PRODUCT_NAME = VirgilCryptoAPI;
				SDKROOT = appletvos;
				SKIP_INSTALL = YES;
				SWIFT_VERSION = 4.2;
				TARGETED_DEVICE_FAMILY = 3;
				TVOS_DEPLOYMENT_TARGET = 9.0;
			};
			name = Release;
		};
		428A61811F6800FF00D6C057 /* Debug */ = {
			isa = XCBuildConfiguration;
			buildSettings = {
				PRODUCT_NAME = "$(TARGET_NAME)";
			};
			name = Debug;
		};
		428A61821F6800FF00D6C057 /* Release */ = {
			isa = XCBuildConfiguration;
			buildSettings = {
				PRODUCT_NAME = "$(TARGET_NAME)";
			};
			name = Release;
		};
		428A61AA1F681D6B00D6C057 /* Debug */ = {
			isa = XCBuildConfiguration;
			buildSettings = {
				ALWAYS_EMBED_SWIFT_STANDARD_LIBRARIES = YES;
				"CODE_SIGN_IDENTITY[sdk=iphoneos*]" = "";
				DEVELOPMENT_TEAM = "";
				IPHONEOS_DEPLOYMENT_TARGET = 10.3;
				LD_RUNPATH_SEARCH_PATHS = "$(inherited) @executable_path/Frameworks @loader_path/Frameworks";
				PRODUCT_BUNDLE_IDENTIFIER = "com.virgilsecurity.VirgilCryptoAPI-iOS-Tests";
				PRODUCT_NAME = "$(TARGET_NAME)";
			};
			name = Debug;
		};
		428A61AB1F681D6B00D6C057 /* Release */ = {
			isa = XCBuildConfiguration;
			buildSettings = {
				ALWAYS_EMBED_SWIFT_STANDARD_LIBRARIES = YES;
				"CODE_SIGN_IDENTITY[sdk=iphoneos*]" = "";
				DEVELOPMENT_TEAM = "";
				IPHONEOS_DEPLOYMENT_TARGET = 10.3;
				LD_RUNPATH_SEARCH_PATHS = "$(inherited) @executable_path/Frameworks @loader_path/Frameworks";
				PRODUCT_BUNDLE_IDENTIFIER = "com.virgilsecurity.VirgilCryptoAPI-iOS-Tests";
				PRODUCT_NAME = "$(TARGET_NAME)";
			};
			name = Release;
		};
		42CDC2281F68209300D69111 /* Debug */ = {
			isa = XCBuildConfiguration;
			buildSettings = {
				ALWAYS_EMBED_SWIFT_STANDARD_LIBRARIES = YES;
				CODE_SIGN_IDENTITY = "-";
				COMBINE_HIDPI_IMAGES = YES;
				DEVELOPMENT_TEAM = "";
				LD_RUNPATH_SEARCH_PATHS = "$(inherited) @executable_path/../Frameworks @loader_path/../Frameworks";
				MACOSX_DEPLOYMENT_TARGET = 10.12;
				PRODUCT_BUNDLE_IDENTIFIER = "com.virgilsecurity.VirgilCryptoAPI-macOS-Tests";
				PRODUCT_NAME = "$(TARGET_NAME)";
				SDKROOT = macosx;
			};
			name = Debug;
		};
		42CDC2291F68209300D69111 /* Release */ = {
			isa = XCBuildConfiguration;
			buildSettings = {
				ALWAYS_EMBED_SWIFT_STANDARD_LIBRARIES = YES;
				CODE_SIGN_IDENTITY = "-";
				COMBINE_HIDPI_IMAGES = YES;
				DEVELOPMENT_TEAM = "";
				LD_RUNPATH_SEARCH_PATHS = "$(inherited) @executable_path/../Frameworks @loader_path/../Frameworks";
				MACOSX_DEPLOYMENT_TARGET = 10.12;
				PRODUCT_BUNDLE_IDENTIFIER = "com.virgilsecurity.VirgilCryptoAPI-macOS-Tests";
				PRODUCT_NAME = "$(TARGET_NAME)";
				SDKROOT = macosx;
			};
			name = Release;
		};
		42CDC2381F6820A900D69111 /* Debug */ = {
			isa = XCBuildConfiguration;
			buildSettings = {
				ALWAYS_EMBED_SWIFT_STANDARD_LIBRARIES = YES;
				CODE_SIGN_IDENTITY = "";
				LD_RUNPATH_SEARCH_PATHS = "$(inherited) @executable_path/Frameworks @loader_path/Frameworks";
				PRODUCT_BUNDLE_IDENTIFIER = "com.virgilsecurity.VirgilCryptoAPI-tvOS-Tests";
				PRODUCT_NAME = "$(TARGET_NAME)";
				SDKROOT = appletvos;
				TVOS_DEPLOYMENT_TARGET = 10.2;
			};
			name = Debug;
		};
		42CDC2391F6820A900D69111 /* Release */ = {
			isa = XCBuildConfiguration;
			buildSettings = {
				ALWAYS_EMBED_SWIFT_STANDARD_LIBRARIES = YES;
				CODE_SIGN_IDENTITY = "";
				LD_RUNPATH_SEARCH_PATHS = "$(inherited) @executable_path/Frameworks @loader_path/Frameworks";
				PRODUCT_BUNDLE_IDENTIFIER = "com.virgilsecurity.VirgilCryptoAPI-tvOS-Tests";
				PRODUCT_NAME = "$(TARGET_NAME)";
				SDKROOT = appletvos;
				TVOS_DEPLOYMENT_TARGET = 10.2;
			};
			name = Release;
		};
/* End XCBuildConfiguration section */

/* Begin XCConfigurationList section */
		428A61441F67FF0E00D6C057 /* Build configuration list for PBXProject "VirgilCryptoAPI" */ = {
			isa = XCConfigurationList;
			buildConfigurations = (
				428A61501F67FF0E00D6C057 /* Debug */,
				428A61511F67FF0E00D6C057 /* Release */,
			);
			defaultConfigurationIsVisible = 0;
			defaultConfigurationName = Release;
		};
		428A61521F67FF0E00D6C057 /* Build configuration list for PBXNativeTarget "VirgilCryptoAPI iOS" */ = {
			isa = XCConfigurationList;
			buildConfigurations = (
				428A61531F67FF0E00D6C057 /* Debug */,
				428A61541F67FF0E00D6C057 /* Release */,
			);
			defaultConfigurationIsVisible = 0;
			defaultConfigurationName = Release;
		};
		428A61621F6800A800D6C057 /* Build configuration list for PBXNativeTarget "VirgilCryptoAPI macOS" */ = {
			isa = XCConfigurationList;
			buildConfigurations = (
				428A61631F6800A800D6C057 /* Debug */,
				428A61641F6800A800D6C057 /* Release */,
			);
			defaultConfigurationIsVisible = 0;
			defaultConfigurationName = Release;
		};
		428A616F1F6800CA00D6C057 /* Build configuration list for PBXNativeTarget "VirgilCryptoAPI watchOS" */ = {
			isa = XCConfigurationList;
			buildConfigurations = (
				428A61701F6800CA00D6C057 /* Debug */,
				428A61711F6800CA00D6C057 /* Release */,
			);
			defaultConfigurationIsVisible = 0;
			defaultConfigurationName = Release;
		};
		428A617C1F6800DB00D6C057 /* Build configuration list for PBXNativeTarget "VirgilCryptoAPI tvOS" */ = {
			isa = XCConfigurationList;
			buildConfigurations = (
				428A617D1F6800DB00D6C057 /* Debug */,
				428A617E1F6800DB00D6C057 /* Release */,
			);
			defaultConfigurationIsVisible = 0;
			defaultConfigurationName = Release;
		};
		428A61801F6800FF00D6C057 /* Build configuration list for PBXAggregateTarget "VirgilCryptoAPI" */ = {
			isa = XCConfigurationList;
			buildConfigurations = (
				428A61811F6800FF00D6C057 /* Debug */,
				428A61821F6800FF00D6C057 /* Release */,
			);
			defaultConfigurationIsVisible = 0;
			defaultConfigurationName = Release;
		};
		428A61A91F681D6B00D6C057 /* Build configuration list for PBXNativeTarget "VirgilCryptoAPI iOS Tests" */ = {
			isa = XCConfigurationList;
			buildConfigurations = (
				428A61AA1F681D6B00D6C057 /* Debug */,
				428A61AB1F681D6B00D6C057 /* Release */,
			);
			defaultConfigurationIsVisible = 0;
			defaultConfigurationName = Release;
		};
		42CDC22A1F68209300D69111 /* Build configuration list for PBXNativeTarget "VirgilCryptoAPI macOS Tests" */ = {
			isa = XCConfigurationList;
			buildConfigurations = (
				42CDC2281F68209300D69111 /* Debug */,
				42CDC2291F68209300D69111 /* Release */,
			);
			defaultConfigurationIsVisible = 0;
			defaultConfigurationName = Release;
		};
		42CDC2371F6820A900D69111 /* Build configuration list for PBXNativeTarget "VirgilCryptoAPI tvOS Tests" */ = {
			isa = XCConfigurationList;
			buildConfigurations = (
				42CDC2381F6820A900D69111 /* Debug */,
				42CDC2391F6820A900D69111 /* Release */,
			);
			defaultConfigurationIsVisible = 0;
			defaultConfigurationName = Release;
		};
/* End XCConfigurationList section */
	};
	rootObject = 428A61411F67FF0E00D6C057 /* Project object */;
}
